// !$*UTF8*$!
{
	archiveVersion = 1;
	classes = {
	};
	objectVersion = 46;
	objects = {

/* Begin PBXBuildFile section */
		04139E0B192A11120059FFD8 /* Foundation.framework in Frameworks */ = {isa = PBXBuildFile; fileRef = 04139E0A192A11120059FFD8 /* Foundation.framework */; };
		04139E0D192A11120059FFD8 /* CoreGraphics.framework in Frameworks */ = {isa = PBXBuildFile; fileRef = 04139E0C192A11120059FFD8 /* CoreGraphics.framework */; };
		04139E0F192A11120059FFD8 /* UIKit.framework in Frameworks */ = {isa = PBXBuildFile; fileRef = 04139E0E192A11120059FFD8 /* UIKit.framework */; };
		04139E15192A11120059FFD8 /* InfoPlist.strings in Resources */ = {isa = PBXBuildFile; fileRef = 04139E13192A11120059FFD8 /* InfoPlist.strings */; };
		04139E17192A11120059FFD8 /* main.m in Sources */ = {isa = PBXBuildFile; fileRef = 04139E16192A11120059FFD8 /* main.m */; };
		04139E1B192A11120059FFD8 /* FCAppDelegate.m in Sources */ = {isa = PBXBuildFile; fileRef = 04139E1A192A11120059FFD8 /* FCAppDelegate.m */; };
		04139E1E192A11120059FFD8 /* Main.storyboard in Resources */ = {isa = PBXBuildFile; fileRef = 04139E1C192A11120059FFD8 /* Main.storyboard */; };
		04139E21192A11120059FFD8 /* FCViewController.m in Sources */ = {isa = PBXBuildFile; fileRef = 04139E20192A11120059FFD8 /* FCViewController.m */; };
		04139E23192A11120059FFD8 /* Images.xcassets in Resources */ = {isa = PBXBuildFile; fileRef = 04139E22192A11120059FFD8 /* Images.xcassets */; };
		04139E2A192A11120059FFD8 /* XCTest.framework in Frameworks */ = {isa = PBXBuildFile; fileRef = 04139E29192A11120059FFD8 /* XCTest.framework */; };
		04139E2B192A11120059FFD8 /* Foundation.framework in Frameworks */ = {isa = PBXBuildFile; fileRef = 04139E0A192A11120059FFD8 /* Foundation.framework */; };
		04139E2C192A11120059FFD8 /* UIKit.framework in Frameworks */ = {isa = PBXBuildFile; fileRef = 04139E0E192A11120059FFD8 /* UIKit.framework */; };
		04139E34192A11120059FFD8 /* InfoPlist.strings in Resources */ = {isa = PBXBuildFile; fileRef = 04139E32192A11120059FFD8 /* InfoPlist.strings */; };
		04139E36192A11120059FFD8 /* FantasticChessTests.m in Sources */ = {isa = PBXBuildFile; fileRef = 04139E35192A11120059FFD8 /* FantasticChessTests.m */; };
/* End PBXBuildFile section */

/* Begin PBXContainerItemProxy section */
		04139E2D192A11120059FFD8 /* PBXContainerItemProxy */ = {
			isa = PBXContainerItemProxy;
			containerPortal = 04139DFF192A11120059FFD8 /* Project object */;
			proxyType = 1;
			remoteGlobalIDString = 04139E06192A11120059FFD8;
			remoteInfo = FantasticChess;
		};
/* End PBXContainerItemProxy section */

/* Begin PBXFileReference section */
		04139E07192A11120059FFD8 /* FantasticChess.app */ = {isa = PBXFileReference; explicitFileType = wrapper.application; includeInIndex = 0; path = FantasticChess.app; sourceTree = BUILT_PRODUCTS_DIR; };
		04139E0A192A11120059FFD8 /* Foundation.framework */ = {isa = PBXFileReference; lastKnownFileType = wrapper.framework; name = Foundation.framework; path = System/Library/Frameworks/Foundation.framework; sourceTree = SDKROOT; };
		04139E0C192A11120059FFD8 /* CoreGraphics.framework */ = {isa = PBXFileReference; lastKnownFileType = wrapper.framework; name = CoreGraphics.framework; path = System/Library/Frameworks/CoreGraphics.framework; sourceTree = SDKROOT; };
		04139E0E192A11120059FFD8 /* UIKit.framework */ = {isa = PBXFileReference; lastKnownFileType = wrapper.framework; name = UIKit.framework; path = System/Library/Frameworks/UIKit.framework; sourceTree = SDKROOT; };
		04139E12192A11120059FFD8 /* FantasticChess-Info.plist */ = {isa = PBXFileReference; lastKnownFileType = text.plist.xml; path = "FantasticChess-Info.plist"; sourceTree = "<group>"; };
		04139E14192A11120059FFD8 /* en */ = {isa = PBXFileReference; lastKnownFileType = text.plist.strings; name = en; path = en.lproj/InfoPlist.strings; sourceTree = "<group>"; };
		04139E16192A11120059FFD8 /* main.m */ = {isa = PBXFileReference; lastKnownFileType = sourcecode.c.objc; path = main.m; sourceTree = "<group>"; };
		04139E18192A11120059FFD8 /* FantasticChess-Prefix.pch */ = {isa = PBXFileReference; lastKnownFileType = sourcecode.c.h; path = "FantasticChess-Prefix.pch"; sourceTree = "<group>"; };
		04139E19192A11120059FFD8 /* FCAppDelegate.h */ = {isa = PBXFileReference; lastKnownFileType = sourcecode.c.h; path = FCAppDelegate.h; sourceTree = "<group>"; };
		04139E1A192A11120059FFD8 /* FCAppDelegate.m */ = {isa = PBXFileReference; lastKnownFileType = sourcecode.c.objc; path = FCAppDelegate.m; sourceTree = "<group>"; };
		04139E1D192A11120059FFD8 /* Base */ = {isa = PBXFileReference; lastKnownFileType = file.storyboard; name = Base; path = Base.lproj/Main.storyboard; sourceTree = "<group>"; };
		04139E1F192A11120059FFD8 /* FCViewController.h */ = {isa = PBXFileReference; lastKnownFileType = sourcecode.c.h; path = FCViewController.h; sourceTree = "<group>"; };
		04139E20192A11120059FFD8 /* FCViewController.m */ = {isa = PBXFileReference; lastKnownFileType = sourcecode.c.objc; path = FCViewController.m; sourceTree = "<group>"; };
		04139E22192A11120059FFD8 /* Images.xcassets */ = {isa = PBXFileReference; lastKnownFileType = folder.assetcatalog; path = Images.xcassets; sourceTree = "<group>"; };
		04139E28192A11120059FFD8 /* FantasticChessTests.xctest */ = {isa = PBXFileReference; explicitFileType = wrapper.cfbundle; includeInIndex = 0; path = FantasticChessTests.xctest; sourceTree = BUILT_PRODUCTS_DIR; };
		04139E29192A11120059FFD8 /* XCTest.framework */ = {isa = PBXFileReference; lastKnownFileType = wrapper.framework; name = XCTest.framework; path = Library/Frameworks/XCTest.framework; sourceTree = DEVELOPER_DIR; };
		04139E31192A11120059FFD8 /* FantasticChessTests-Info.plist */ = {isa = PBXFileReference; lastKnownFileType = text.plist.xml; path = "FantasticChessTests-Info.plist"; sourceTree = "<group>"; };
		04139E33192A11120059FFD8 /* en */ = {isa = PBXFileReference; lastKnownFileType = text.plist.strings; name = en; path = en.lproj/InfoPlist.strings; sourceTree = "<group>"; };
		04139E35192A11120059FFD8 /* FantasticChessTests.m */ = {isa = PBXFileReference; lastKnownFileType = sourcecode.c.objc; path = FantasticChessTests.m; sourceTree = "<group>"; };
/* End PBXFileReference section */

/* Begin PBXFrameworksBuildPhase section */
		04139E04192A11120059FFD8 /* Frameworks */ = {
			isa = PBXFrameworksBuildPhase;
			buildActionMask = 2147483647;
			files = (
				04139E0D192A11120059FFD8 /* CoreGraphics.framework in Frameworks */,
				04139E0F192A11120059FFD8 /* UIKit.framework in Frameworks */,
				04139E0B192A11120059FFD8 /* Foundation.framework in Frameworks */,
			);
			runOnlyForDeploymentPostprocessing = 0;
		};
		04139E25192A11120059FFD8 /* Frameworks */ = {
			isa = PBXFrameworksBuildPhase;
			buildActionMask = 2147483647;
			files = (
				04139E2A192A11120059FFD8 /* XCTest.framework in Frameworks */,
				04139E2C192A11120059FFD8 /* UIKit.framework in Frameworks */,
				04139E2B192A11120059FFD8 /* Foundation.framework in Frameworks */,
			);
			runOnlyForDeploymentPostprocessing = 0;
		};
/* End PBXFrameworksBuildPhase section */

/* Begin PBXGroup section */
		04139DFE192A11120059FFD8 = {
			isa = PBXGroup;
			children = (
				04139E10192A11120059FFD8 /* FantasticChess */,
				04139E2F192A11120059FFD8 /* FantasticChessTests */,
				04139E09192A11120059FFD8 /* Frameworks */,
				04139E08192A11120059FFD8 /* Products */,
			);
			sourceTree = "<group>";
		};
		04139E08192A11120059FFD8 /* Products */ = {
			isa = PBXGroup;
			children = (
				04139E07192A11120059FFD8 /* FantasticChess.app */,
				04139E28192A11120059FFD8 /* FantasticChessTests.xctest */,
			);
			name = Products;
			sourceTree = "<group>";
		};
		04139E09192A11120059FFD8 /* Frameworks */ = {
			isa = PBXGroup;
			children = (
				04139E0A192A11120059FFD8 /* Foundation.framework */,
				04139E0C192A11120059FFD8 /* CoreGraphics.framework */,
				04139E0E192A11120059FFD8 /* UIKit.framework */,
				04139E29192A11120059FFD8 /* XCTest.framework */,
			);
			name = Frameworks;
			sourceTree = "<group>";
		};
		04139E10192A11120059FFD8 /* FantasticChess */ = {
			isa = PBXGroup;
			children = (
				04139E19192A11120059FFD8 /* FCAppDelegate.h */,
				04139E1A192A11120059FFD8 /* FCAppDelegate.m */,
				04139E1C192A11120059FFD8 /* Main.storyboard */,
				04139E1F192A11120059FFD8 /* FCViewController.h */,
				04139E20192A11120059FFD8 /* FCViewController.m */,
				04139E22192A11120059FFD8 /* Images.xcassets */,
				04139E11192A11120059FFD8 /* Supporting Files */,
			);
			path = FantasticChess;
			sourceTree = "<group>";
		};
		04139E11192A11120059FFD8 /* Supporting Files */ = {
			isa = PBXGroup;
			children = (
				04139E12192A11120059FFD8 /* FantasticChess-Info.plist */,
				04139E13192A11120059FFD8 /* InfoPlist.strings */,
				04139E16192A11120059FFD8 /* main.m */,
				04139E18192A11120059FFD8 /* FantasticChess-Prefix.pch */,
			);
			name = "Supporting Files";
			sourceTree = "<group>";
		};
		04139E2F192A11120059FFD8 /* FantasticChessTests */ = {
			isa = PBXGroup;
			children = (
				04139E35192A11120059FFD8 /* FantasticChessTests.m */,
				04139E30192A11120059FFD8 /* Supporting Files */,
			);
			path = FantasticChessTests;
			sourceTree = "<group>";
		};
		04139E30192A11120059FFD8 /* Supporting Files */ = {
			isa = PBXGroup;
			children = (
				04139E31192A11120059FFD8 /* FantasticChessTests-Info.plist */,
				04139E32192A11120059FFD8 /* InfoPlist.strings */,
			);
			name = "Supporting Files";
			sourceTree = "<group>";
		};
/* End PBXGroup section */

/* Begin PBXNativeTarget section */
		04139E06192A11120059FFD8 /* FantasticChess */ = {
			isa = PBXNativeTarget;
			buildConfigurationList = 04139E39192A11120059FFD8 /* Build configuration list for PBXNativeTarget "FantasticChess" */;
			buildPhases = (
				04139E03192A11120059FFD8 /* Sources */,
				04139E04192A11120059FFD8 /* Frameworks */,
				04139E05192A11120059FFD8 /* Resources */,
			);
			buildRules = (
			);
			dependencies = (
			);
			name = FantasticChess;
			productName = FantasticChess;
			productReference = 04139E07192A11120059FFD8 /* FantasticChess.app */;
			productType = "com.apple.product-type.application";
		};
		04139E27192A11120059FFD8 /* FantasticChessTests */ = {
			isa = PBXNativeTarget;
			buildConfigurationList = 04139E3C192A11120059FFD8 /* Build configuration list for PBXNativeTarget "FantasticChessTests" */;
			buildPhases = (
				04139E24192A11120059FFD8 /* Sources */,
				04139E25192A11120059FFD8 /* Frameworks */,
				04139E26192A11120059FFD8 /* Resources */,
			);
			buildRules = (
			);
			dependencies = (
				04139E2E192A11120059FFD8 /* PBXTargetDependency */,
			);
			name = FantasticChessTests;
			productName = FantasticChessTests;
			productReference = 04139E28192A11120059FFD8 /* FantasticChessTests.xctest */;
			productType = "com.apple.product-type.bundle.unit-test";
		};
/* End PBXNativeTarget section */

/* Begin PBXProject section */
		04139DFF192A11120059FFD8 /* Project object */ = {
			isa = PBXProject;
			attributes = {
				CLASSPREFIX = FC;
				LastUpgradeCheck = 0510;
				ORGANIZATIONNAME = vision;
				TargetAttributes = {
					04139E27192A11120059FFD8 = {
						TestTargetID = 04139E06192A11120059FFD8;
					};
				};
			};
			buildConfigurationList = 04139E02192A11120059FFD8 /* Build configuration list for PBXProject "FantasticChess" */;
			compatibilityVersion = "Xcode 3.2";
			developmentRegion = English;
			hasScannedForEncodings = 0;
			knownRegions = (
				en,
				Base,
			);
			mainGroup = 04139DFE192A11120059FFD8;
			productRefGroup = 04139E08192A11120059FFD8 /* Products */;
			projectDirPath = "";
			projectRoot = "";
			targets = (
				04139E06192A11120059FFD8 /* FantasticChess */,
				04139E27192A11120059FFD8 /* FantasticChessTests */,
			);
		};
/* End PBXProject section */

/* Begin PBXResourcesBuildPhase section */
		04139E05192A11120059FFD8 /* Resources */ = {
			isa = PBXResourcesBuildPhase;
			buildActionMask = 2147483647;
			files = (
				04139E23192A11120059FFD8 /* Images.xcassets in Resources */,
				04139E15192A11120059FFD8 /* InfoPlist.strings in Resources */,
				04139E1E192A11120059FFD8 /* Main.storyboard in Resources */,
			);
			runOnlyForDeploymentPostprocessing = 0;
		};
		04139E26192A11120059FFD8 /* Resources */ = {
			isa = PBXResourcesBuildPhase;
			buildActionMask = 2147483647;
			files = (
				04139E34192A11120059FFD8 /* InfoPlist.strings in Resources */,
			);
			runOnlyForDeploymentPostprocessing = 0;
		};
/* End PBXResourcesBuildPhase section */

/* Begin PBXSourcesBuildPhase section */
		04139E03192A11120059FFD8 /* Sources */ = {
			isa = PBXSourcesBuildPhase;
			buildActionMask = 2147483647;
			files = (
				04139E17192A11120059FFD8 /* main.m in Sources */,
				04139E1B192A11120059FFD8 /* FCAppDelegate.m in Sources */,
				04139E21192A11120059FFD8 /* FCViewController.m in Sources */,
			);
			runOnlyForDeploymentPostprocessing = 0;
		};
		04139E24192A11120059FFD8 /* Sources */ = {
			isa = PBXSourcesBuildPhase;
			buildActionMask = 2147483647;
			files = (
				04139E36192A11120059FFD8 /* FantasticChessTests.m in Sources */,
			);
			runOnlyForDeploymentPostprocessing = 0;
		};
/* End PBXSourcesBuildPhase section */

/* Begin PBXTargetDependency section */
		04139E2E192A11120059FFD8 /* PBXTargetDependency */ = {
			isa = PBXTargetDependency;
			target = 04139E06192A11120059FFD8 /* FantasticChess */;
			targetProxy = 04139E2D192A11120059FFD8 /* PBXContainerItemProxy */;
		};
/* End PBXTargetDependency section */

/* Begin PBXVariantGroup section */
		04139E13192A11120059FFD8 /* InfoPlist.strings */ = {
			isa = PBXVariantGroup;
			children = (
				04139E14192A11120059FFD8 /* en */,
			);
			name = InfoPlist.strings;
			sourceTree = "<group>";
		};
		04139E1C192A11120059FFD8 /* Main.storyboard */ = {
			isa = PBXVariantGroup;
			children = (
				04139E1D192A11120059FFD8 /* Base */,
			);
			name = Main.storyboard;
			sourceTree = "<group>";
		};
		04139E32192A11120059FFD8 /* InfoPlist.strings */ = {
			isa = PBXVariantGroup;
			children = (
				04139E33192A11120059FFD8 /* en */,
			);
			name = InfoPlist.strings;
			sourceTree = "<group>";
		};
/* End PBXVariantGroup section */

/* Begin XCBuildConfiguration section */
		04139E37192A11120059FFD8 /* Debug */ = {
			isa = XCBuildConfiguration;
			buildSettings = {
				ALWAYS_SEARCH_USER_PATHS = NO;
				CLANG_CXX_LANGUAGE_STANDARD = "gnu++0x";
				CLANG_CXX_LIBRARY = "libc++";
				CLANG_ENABLE_MODULES = YES;
				CLANG_ENABLE_OBJC_ARC = YES;
				CLANG_WARN_BOOL_CONVERSION = YES;
				CLANG_WARN_CONSTANT_CONVERSION = YES;
				CLANG_WARN_DIRECT_OBJC_ISA_USAGE = YES_ERROR;
				CLANG_WARN_EMPTY_BODY = YES;
				CLANG_WARN_ENUM_CONVERSION = YES;
				CLANG_WARN_INT_CONVERSION = YES;
				CLANG_WARN_OBJC_ROOT_CLASS = YES_ERROR;
				CLANG_WARN__DUPLICATE_METHOD_MATCH = YES;
				"CODE_SIGN_IDENTITY[sdk=iphoneos*]" = "iPhone Developer";
				COPY_PHASE_STRIP = NO;
				GCC_C_LANGUAGE_STANDARD = gnu99;
				GCC_DYNAMIC_NO_PIC = NO;
				GCC_OPTIMIZATION_LEVEL = 0;
				GCC_PREPROCESSOR_DEFINITIONS = (
					"DEBUG=1",
					"$(inherited)",
				);
				GCC_SYMBOLS_PRIVATE_EXTERN = NO;
				GCC_WARN_64_TO_32_BIT_CONVERSION = YES;
				GCC_WARN_ABOUT_RETURN_TYPE = YES_ERROR;
				GCC_WARN_UNDECLARED_SELECTOR = YES;
				GCC_WARN_UNINITIALIZED_AUTOS = YES_AGGRESSIVE;
				GCC_WARN_UNUSED_FUNCTION = YES;
				GCC_WARN_UNUSED_VARIABLE = YES;
				IPHONEOS_DEPLOYMENT_TARGET = 7.1;
				ONLY_ACTIVE_ARCH = YES;
				SDKROOT = iphoneos;
			};
			name = Debug;
		};
		04139E38192A11120059FFD8 /* Release */ = {
			isa = XCBuildConfiguration;
			buildSettings = {
				ALWAYS_SEARCH_USER_PATHS = NO;
				CLANG_CXX_LANGUAGE_STANDARD = "gnu++0x";
				CLANG_CXX_LIBRARY = "libc++";
				CLANG_ENABLE_MODULES = YES;
				CLANG_ENABLE_OBJC_ARC = YES;
				CLANG_WARN_BOOL_CONVERSION = YES;
				CLANG_WARN_CONSTANT_CONVERSION = YES;
				CLANG_WARN_DIRECT_OBJC_ISA_USAGE = YES_ERROR;
				CLANG_WARN_EMPTY_BODY = YES;
				CLANG_WARN_ENUM_CONVERSION = YES;
				CLANG_WARN_INT_CONVERSION = YES;
				CLANG_WARN_OBJC_ROOT_CLASS = YES_ERROR;
				CLANG_WARN__DUPLICATE_METHOD_MATCH = YES;
				"CODE_SIGN_IDENTITY[sdk=iphoneos*]" = "iPhone Developer";
				COPY_PHASE_STRIP = YES;
				ENABLE_NS_ASSERTIONS = NO;
				GCC_C_LANGUAGE_STANDARD = gnu99;
				GCC_WARN_64_TO_32_BIT_CONVERSION = YES;
				GCC_WARN_ABOUT_RETURN_TYPE = YES_ERROR;
				GCC_WARN_UNDECLARED_SELECTOR = YES;
				GCC_WARN_UNINITIALIZED_AUTOS = YES_AGGRESSIVE;
				GCC_WARN_UNUSED_FUNCTION = YES;
				GCC_WARN_UNUSED_VARIABLE = YES;
				IPHONEOS_DEPLOYMENT_TARGET = 7.1;
				SDKROOT = iphoneos;
				VALIDATE_PRODUCT = YES;
			};
			name = Release;
		};
		04139E3A192A11120059FFD8 /* Debug */ = {
			isa = XCBuildConfiguration;
			buildSettings = {
				ASSETCATALOG_COMPILER_APPICON_NAME = AppIcon;
				ASSETCATALOG_COMPILER_LAUNCHIMAGE_NAME = LaunchImage;
				GCC_PRECOMPILE_PREFIX_HEADER = YES;
				GCC_PREFIX_HEADER = "FantasticChess/FantasticChess-Prefix.pch";
				INFOPLIST_FILE = "FantasticChess/FantasticChess-Info.plist";
				IPHONEOS_DEPLOYMENT_TARGET = 6.0;
				PRODUCT_NAME = "$(TARGET_NAME)";
				WRAPPER_EXTENSION = app;
			};
			name = Debug;
		};
		04139E3B192A11120059FFD8 /* Release */ = {
			isa = XCBuildConfiguration;
			buildSettings = {
				ASSETCATALOG_COMPILER_APPICON_NAME = AppIcon;
				ASSETCATALOG_COMPILER_LAUNCHIMAGE_NAME = LaunchImage;
				GCC_PRECOMPILE_PREFIX_HEADER = YES;
				GCC_PREFIX_HEADER = "FantasticChess/FantasticChess-Prefix.pch";
				INFOPLIST_FILE = "FantasticChess/FantasticChess-Info.plist";
				IPHONEOS_DEPLOYMENT_TARGET = 6.0;
				PRODUCT_NAME = "$(TARGET_NAME)";
				WRAPPER_EXTENSION = app;
			};
			name = Release;
		};
		04139E3D192A11120059FFD8 /* Debug */ = {
			isa = XCBuildConfiguration;
			buildSettings = {
				BUNDLE_LOADER = "$(BUILT_PRODUCTS_DIR)/FantasticChess.app/FantasticChess";
				FRAMEWORK_SEARCH_PATHS = (
					"$(SDKROOT)/Developer/Library/Frameworks",
					"$(inherited)",
					"$(DEVELOPER_FRAMEWORKS_DIR)",
				);
				GCC_PRECOMPILE_PREFIX_HEADER = YES;
				GCC_PREFIX_HEADER = "FantasticChess/FantasticChess-Prefix.pch";
				GCC_PREPROCESSOR_DEFINITIONS = (
					"DEBUG=1",
					"$(inherited)",
				);
				INFOPLIST_FILE = "FantasticChessTests/FantasticChessTests-Info.plist";
				PRODUCT_NAME = "$(TARGET_NAME)";
				TEST_HOST = "$(BUNDLE_LOADER)";
				WRAPPER_EXTENSION = xctest;
			};
			name = Debug;
		};
		04139E3E192A11120059FFD8 /* Release */ = {
			isa = XCBuildConfiguration;
			buildSettings = {
				BUNDLE_LOADER = "$(BUILT_PRODUCTS_DIR)/FantasticChess.app/FantasticChess";
				FRAMEWORK_SEARCH_PATHS = (
					"$(SDKROOT)/Developer/Library/Frameworks",
					"$(inherited)",
					"$(DEVELOPER_FRAMEWORKS_DIR)",
				);
				GCC_PRECOMPILE_PREFIX_HEADER = YES;
				GCC_PREFIX_HEADER = "FantasticChess/FantasticChess-Prefix.pch";
				INFOPLIST_FILE = "FantasticChessTests/FantasticChessTests-Info.plist";
				PRODUCT_NAME = "$(TARGET_NAME)";
				TEST_HOST = "$(BUNDLE_LOADER)";
				WRAPPER_EXTENSION = xctest;
			};
			name = Release;
		};
/* End XCBuildConfiguration section */

/* Begin XCConfigurationList section */
		04139E02192A11120059FFD8 /* Build configuration list for PBXProject "FantasticChess" */ = {
			isa = XCConfigurationList;
			buildConfigurations = (
				04139E37192A11120059FFD8 /* Debug */,
				04139E38192A11120059FFD8 /* Release */,
			);
			defaultConfigurationIsVisible = 0;
			defaultConfigurationName = Release;
		};
		04139E39192A11120059FFD8 /* Build configuration list for PBXNativeTarget "FantasticChess" */ = {
			isa = XCConfigurationList;
			buildConfigurations = (
				04139E3A192A11120059FFD8 /* Debug */,
				04139E3B192A11120059FFD8 /* Release */,
			);
			defaultConfigurationIsVisible = 0;
		};
		04139E3C192A11120059FFD8 /* Build configuration list for PBXNativeTarget "FantasticChessTests" */ = {
			isa = XCConfigurationList;
			buildConfigurations = (
				04139E3D192A11120059FFD8 /* Debug */,
				04139E3E192A11120059FFD8 /* Release */,
			);
			defaultConfigurationIsVisible = 0;
		};
/* End XCConfigurationList section */
	};
	rootObject = 04139DFF192A11120059FFD8 /* Project object */;
}
